// !$*UTF8*$!
{
	archiveVersion = 1;
	classes = {
	};
	objectVersion = 56;
	objects = {

/* Begin PBXBuildFile section */
		3885C1E929B8E4980010F290 /* GreyCardApp.swift in Sources */ = {isa = PBXBuildFile; fileRef = 3885C1E829B8E4980010F290 /* GreyCardApp.swift */; };
		3885C1EB29B8E4980010F290 /* ContentView.swift in Sources */ = {isa = PBXBuildFile; fileRef = 3885C1EA29B8E4980010F290 /* ContentView.swift */; };
		3885C1ED29B8E49A0010F290 /* Assets.xcassets in Resources */ = {isa = PBXBuildFile; fileRef = 3885C1EC29B8E49A0010F290 /* Assets.xcassets */; };
		3885C1F029B8E49A0010F290 /* Preview Assets.xcassets in Resources */ = {isa = PBXBuildFile; fileRef = 3885C1EF29B8E49A0010F290 /* Preview Assets.xcassets */; };
		3885C1FA29B8E49A0010F290 /* GreyCardTests.swift in Sources */ = {isa = PBXBuildFile; fileRef = 3885C1F929B8E49A0010F290 /* GreyCardTests.swift */; };
		3885C20429B8E49A0010F290 /* GreyCardUITests.swift in Sources */ = {isa = PBXBuildFile; fileRef = 3885C20329B8E49A0010F290 /* GreyCardUITests.swift */; };
		3885C20629B8E49A0010F290 /* GreyCardUITestsLaunchTests.swift in Sources */ = {isa = PBXBuildFile; fileRef = 3885C20529B8E49A0010F290 /* GreyCardUITestsLaunchTests.swift */; };
/* End PBXBuildFile section */

/* Begin PBXContainerItemProxy section */
		3885C1F629B8E49A0010F290 /* PBXContainerItemProxy */ = {
			isa = PBXContainerItemProxy;
			containerPortal = 3885C1DD29B8E4980010F290 /* Project object */;
			proxyType = 1;
			remoteGlobalIDString = 3885C1E429B8E4980010F290;
			remoteInfo = GreyCard;
		};
		3885C20029B8E49A0010F290 /* PBXContainerItemProxy */ = {
			isa = PBXContainerItemProxy;
			containerPortal = 3885C1DD29B8E4980010F290 /* Project object */;
			proxyType = 1;
			remoteGlobalIDString = 3885C1E429B8E4980010F290;
			remoteInfo = GreyCard;
		};
/* End PBXContainerItemProxy section */

/* Begin PBXFileReference section */
		3885C1E529B8E4980010F290 /* GreyCard.app */ = {isa = PBXFileReference; explicitFileType = wrapper.application; includeInIndex = 0; path = GreyCard.app; sourceTree = BUILT_PRODUCTS_DIR; };
		3885C1E829B8E4980010F290 /* GreyCardApp.swift */ = {isa = PBXFileReference; lastKnownFileType = sourcecode.swift; path = GreyCardApp.swift; sourceTree = "<group>"; };
		3885C1EA29B8E4980010F290 /* ContentView.swift */ = {isa = PBXFileReference; lastKnownFileType = sourcecode.swift; path = ContentView.swift; sourceTree = "<group>"; };
		3885C1EC29B8E49A0010F290 /* Assets.xcassets */ = {isa = PBXFileReference; lastKnownFileType = folder.assetcatalog; path = Assets.xcassets; sourceTree = "<group>"; };
		3885C1EF29B8E49A0010F290 /* Preview Assets.xcassets */ = {isa = PBXFileReference; lastKnownFileType = folder.assetcatalog; path = "Preview Assets.xcassets"; sourceTree = "<group>"; };
		3885C1F529B8E49A0010F290 /* GreyCardTests.xctest */ = {isa = PBXFileReference; explicitFileType = wrapper.cfbundle; includeInIndex = 0; path = GreyCardTests.xctest; sourceTree = BUILT_PRODUCTS_DIR; };
		3885C1F929B8E49A0010F290 /* GreyCardTests.swift */ = {isa = PBXFileReference; lastKnownFileType = sourcecode.swift; path = GreyCardTests.swift; sourceTree = "<group>"; };
		3885C1FF29B8E49A0010F290 /* GreyCardUITests.xctest */ = {isa = PBXFileReference; explicitFileType = wrapper.cfbundle; includeInIndex = 0; path = GreyCardUITests.xctest; sourceTree = BUILT_PRODUCTS_DIR; };
		3885C20329B8E49A0010F290 /* GreyCardUITests.swift */ = {isa = PBXFileReference; lastKnownFileType = sourcecode.swift; path = GreyCardUITests.swift; sourceTree = "<group>"; };
		3885C20529B8E49A0010F290 /* GreyCardUITestsLaunchTests.swift */ = {isa = PBXFileReference; lastKnownFileType = sourcecode.swift; path = GreyCardUITestsLaunchTests.swift; sourceTree = "<group>"; };
/* End PBXFileReference section */

/* Begin PBXFrameworksBuildPhase section */
		3885C1E229B8E4980010F290 /* Frameworks */ = {
			isa = PBXFrameworksBuildPhase;
			buildActionMask = 2147483647;
			files = (
			);
			runOnlyForDeploymentPostprocessing = 0;
		};
		3885C1F229B8E49A0010F290 /* Frameworks */ = {
			isa = PBXFrameworksBuildPhase;
			buildActionMask = 2147483647;
			files = (
			);
			runOnlyForDeploymentPostprocessing = 0;
		};
		3885C1FC29B8E49A0010F290 /* Frameworks */ = {
			isa = PBXFrameworksBuildPhase;
			buildActionMask = 2147483647;
			files = (
			);
			runOnlyForDeploymentPostprocessing = 0;
		};
/* End PBXFrameworksBuildPhase section */

/* Begin PBXGroup section */
		3885C1DC29B8E4980010F290 = {
			isa = PBXGroup;
			children = (
				3885C1E729B8E4980010F290 /* GreyCard */,
				3885C1F829B8E49A0010F290 /* GreyCardTests */,
				3885C20229B8E49A0010F290 /* GreyCardUITests */,
				3885C1E629B8E4980010F290 /* Products */,
			);
			sourceTree = "<group>";
		};
		3885C1E629B8E4980010F290 /* Products */ = {
			isa = PBXGroup;
			children = (
				3885C1E529B8E4980010F290 /* GreyCard.app */,
				3885C1F529B8E49A0010F290 /* GreyCardTests.xctest */,
				3885C1FF29B8E49A0010F290 /* GreyCardUITests.xctest */,
			);
			name = Products;
			sourceTree = "<group>";
		};
		3885C1E729B8E4980010F290 /* GreyCard */ = {
			isa = PBXGroup;
			children = (
				3885C1E829B8E4980010F290 /* GreyCardApp.swift */,
				3885C1EA29B8E4980010F290 /* ContentView.swift */,
				3885C1EC29B8E49A0010F290 /* Assets.xcassets */,
				3885C1EE29B8E49A0010F290 /* Preview Content */,
			);
			path = GreyCard;
			sourceTree = "<group>";
		};
		3885C1EE29B8E49A0010F290 /* Preview Content */ = {
			isa = PBXGroup;
			children = (
				3885C1EF29B8E49A0010F290 /* Preview Assets.xcassets */,
			);
			path = "Preview Content";
			sourceTree = "<group>";
		};
		3885C1F829B8E49A0010F290 /* GreyCardTests */ = {
			isa = PBXGroup;
			children = (
				3885C1F929B8E49A0010F290 /* GreyCardTests.swift */,
			);
			path = GreyCardTests;
			sourceTree = "<group>";
		};
		3885C20229B8E49A0010F290 /* GreyCardUITests */ = {
			isa = PBXGroup;
			children = (
				3885C20329B8E49A0010F290 /* GreyCardUITests.swift */,
				3885C20529B8E49A0010F290 /* GreyCardUITestsLaunchTests.swift */,
			);
			path = GreyCardUITests;
			sourceTree = "<group>";
		};
/* End PBXGroup section */

/* Begin PBXNativeTarget section */
		3885C1E429B8E4980010F290 /* GreyCard */ = {
			isa = PBXNativeTarget;
			buildConfigurationList = 3885C20929B8E49A0010F290 /* Build configuration list for PBXNativeTarget "GreyCard" */;
			buildPhases = (
				3885C1E129B8E4980010F290 /* Sources */,
				3885C1E229B8E4980010F290 /* Frameworks */,
				3885C1E329B8E4980010F290 /* Resources */,
			);
			buildRules = (
			);
			dependencies = (
			);
			name = GreyCard;
			productName = GreyCard;
			productReference = 3885C1E529B8E4980010F290 /* GreyCard.app */;
			productType = "com.apple.product-type.application";
		};
		3885C1F429B8E49A0010F290 /* GreyCardTests */ = {
			isa = PBXNativeTarget;
			buildConfigurationList = 3885C20C29B8E49A0010F290 /* Build configuration list for PBXNativeTarget "GreyCardTests" */;
			buildPhases = (
				3885C1F129B8E49A0010F290 /* Sources */,
				3885C1F229B8E49A0010F290 /* Frameworks */,
				3885C1F329B8E49A0010F290 /* Resources */,
			);
			buildRules = (
			);
			dependencies = (
				3885C1F729B8E49A0010F290 /* PBXTargetDependency */,
			);
			name = GreyCardTests;
			productName = GreyCardTests;
			productReference = 3885C1F529B8E49A0010F290 /* GreyCardTests.xctest */;
			productType = "com.apple.product-type.bundle.unit-test";
		};
		3885C1FE29B8E49A0010F290 /* GreyCardUITests */ = {
			isa = PBXNativeTarget;
			buildConfigurationList = 3885C20F29B8E49A0010F290 /* Build configuration list for PBXNativeTarget "GreyCardUITests" */;
			buildPhases = (
				3885C1FB29B8E49A0010F290 /* Sources */,
				3885C1FC29B8E49A0010F290 /* Frameworks */,
				3885C1FD29B8E49A0010F290 /* Resources */,
			);
			buildRules = (
			);
			dependencies = (
				3885C20129B8E49A0010F290 /* PBXTargetDependency */,
			);
			name = GreyCardUITests;
			productName = GreyCardUITests;
			productReference = 3885C1FF29B8E49A0010F290 /* GreyCardUITests.xctest */;
			productType = "com.apple.product-type.bundle.ui-testing";
		};
/* End PBXNativeTarget section */

/* Begin PBXProject section */
		3885C1DD29B8E4980010F290 /* Project object */ = {
			isa = PBXProject;
			attributes = {
				BuildIndependentTargetsInParallel = 1;
				LastSwiftUpdateCheck = 1420;
				LastUpgradeCheck = 1420;
				TargetAttributes = {
					3885C1E429B8E4980010F290 = {
						CreatedOnToolsVersion = 14.2;
					};
					3885C1F429B8E49A0010F290 = {
						CreatedOnToolsVersion = 14.2;
						TestTargetID = 3885C1E429B8E4980010F290;
					};
					3885C1FE29B8E49A0010F290 = {
						CreatedOnToolsVersion = 14.2;
						TestTargetID = 3885C1E429B8E4980010F290;
					};
				};
			};
			buildConfigurationList = 3885C1E029B8E4980010F290 /* Build configuration list for PBXProject "GreyCard" */;
			compatibilityVersion = "Xcode 14.0";
			developmentRegion = en;
			hasScannedForEncodings = 0;
			knownRegions = (
				en,
				Base,
			);
			mainGroup = 3885C1DC29B8E4980010F290;
			productRefGroup = 3885C1E629B8E4980010F290 /* Products */;
			projectDirPath = "";
			projectRoot = "";
			targets = (
				3885C1E429B8E4980010F290 /* GreyCard */,
				3885C1F429B8E49A0010F290 /* GreyCardTests */,
				3885C1FE29B8E49A0010F290 /* GreyCardUITests */,
			);
		};
/* End PBXProject section */

/* Begin PBXResourcesBuildPhase section */
		3885C1E329B8E4980010F290 /* Resources */ = {
			isa = PBXResourcesBuildPhase;
			buildActionMask = 2147483647;
			files = (
				3885C1F029B8E49A0010F290 /* Preview Assets.xcassets in Resources */,
				3885C1ED29B8E49A0010F290 /* Assets.xcassets in Resources */,
			);
			runOnlyForDeploymentPostprocessing = 0;
		};
		3885C1F329B8E49A0010F290 /* Resources */ = {
			isa = PBXResourcesBuildPhase;
			buildActionMask = 2147483647;
			files = (
			);
			runOnlyForDeploymentPostprocessing = 0;
		};
		3885C1FD29B8E49A0010F290 /* Resources */ = {
			isa = PBXResourcesBuildPhase;
			buildActionMask = 2147483647;
			files = (
			);
			runOnlyForDeploymentPostprocessing = 0;
		};
/* End PBXResourcesBuildPhase section */

/* Begin PBXSourcesBuildPhase section */
		3885C1E129B8E4980010F290 /* Sources */ = {
			isa = PBXSourcesBuildPhase;
			buildActionMask = 2147483647;
			files = (
				3885C1EB29B8E4980010F290 /* ContentView.swift in Sources */,
				3885C1E929B8E4980010F290 /* GreyCardApp.swift in Sources */,
			);
			runOnlyForDeploymentPostprocessing = 0;
		};
		3885C1F129B8E49A0010F290 /* Sources */ = {
			isa = PBXSourcesBuildPhase;
			buildActionMask = 2147483647;
			files = (
				3885C1FA29B8E49A0010F290 /* GreyCardTests.swift in Sources */,
			);
			runOnlyForDeploymentPostprocessing = 0;
		};
		3885C1FB29B8E49A0010F290 /* Sources */ = {
			isa = PBXSourcesBuildPhase;
			buildActionMask = 2147483647;
			files = (
				3885C20629B8E49A0010F290 /* GreyCardUITestsLaunchTests.swift in Sources */,
				3885C20429B8E49A0010F290 /* GreyCardUITests.swift in Sources */,
			);
			runOnlyForDeploymentPostprocessing = 0;
		};
/* End PBXSourcesBuildPhase section */

/* Begin PBXTargetDependency section */
		3885C1F729B8E49A0010F290 /* PBXTargetDependency */ = {
			isa = PBXTargetDependency;
			target = 3885C1E429B8E4980010F290 /* GreyCard */;
			targetProxy = 3885C1F629B8E49A0010F290 /* PBXContainerItemProxy */;
		};
		3885C20129B8E49A0010F290 /* PBXTargetDependency */ = {
			isa = PBXTargetDependency;
			target = 3885C1E429B8E4980010F290 /* GreyCard */;
			targetProxy = 3885C20029B8E49A0010F290 /* PBXContainerItemProxy */;
		};
/* End PBXTargetDependency section */

/* Begin XCBuildConfiguration section */
		3885C20729B8E49A0010F290 /* Debug */ = {
			isa = XCBuildConfiguration;
			buildSettings = {
				ALWAYS_SEARCH_USER_PATHS = NO;
				CLANG_ANALYZER_NONNULL = YES;
				CLANG_ANALYZER_NUMBER_OBJECT_CONVERSION = YES_AGGRESSIVE;
				CLANG_CXX_LANGUAGE_STANDARD = "gnu++20";
				CLANG_ENABLE_MODULES = YES;
				CLANG_ENABLE_OBJC_ARC = YES;
				CLANG_ENABLE_OBJC_WEAK = YES;
				CLANG_WARN_BLOCK_CAPTURE_AUTORELEASING = YES;
				CLANG_WARN_BOOL_CONVERSION = YES;
				CLANG_WARN_COMMA = YES;
				CLANG_WARN_CONSTANT_CONVERSION = YES;
				CLANG_WARN_DEPRECATED_OBJC_IMPLEMENTATIONS = YES;
				CLANG_WARN_DIRECT_OBJC_ISA_USAGE = YES_ERROR;
				CLANG_WARN_DOCUMENTATION_COMMENTS = YES;
				CLANG_WARN_EMPTY_BODY = YES;
				CLANG_WARN_ENUM_CONVERSION = YES;
				CLANG_WARN_INFINITE_RECURSION = YES;
				CLANG_WARN_INT_CONVERSION = YES;
				CLANG_WARN_NON_LITERAL_NULL_CONVERSION = YES;
				CLANG_WARN_OBJC_IMPLICIT_RETAIN_SELF = YES;
				CLANG_WARN_OBJC_LITERAL_CONVERSION = YES;
				CLANG_WARN_OBJC_ROOT_CLASS = YES_ERROR;
				CLANG_WARN_QUOTED_INCLUDE_IN_FRAMEWORK_HEADER = YES;
				CLANG_WARN_RANGE_LOOP_ANALYSIS = YES;
				CLANG_WARN_STRICT_PROTOTYPES = YES;
				CLANG_WARN_SUSPICIOUS_MOVE = YES;
				CLANG_WARN_UNGUARDED_AVAILABILITY = YES_AGGRESSIVE;
				CLANG_WARN_UNREACHABLE_CODE = YES;
				CLANG_WARN__DUPLICATE_METHOD_MATCH = YES;
				COPY_PHASE_STRIP = NO;
				DEBUG_INFORMATION_FORMAT = dwarf;
				ENABLE_STRICT_OBJC_MSGSEND = YES;
				ENABLE_TESTABILITY = YES;
				GCC_C_LANGUAGE_STANDARD = gnu11;
				GCC_DYNAMIC_NO_PIC = NO;
				GCC_NO_COMMON_BLOCKS = YES;
				GCC_OPTIMIZATION_LEVEL = 0;
				GCC_PREPROCESSOR_DEFINITIONS = (
					"DEBUG=1",
					"$(inherited)",
				);
				GCC_WARN_64_TO_32_BIT_CONVERSION = YES;
				GCC_WARN_ABOUT_RETURN_TYPE = YES_ERROR;
				GCC_WARN_UNDECLARED_SELECTOR = YES;
				GCC_WARN_UNINITIALIZED_AUTOS = YES_AGGRESSIVE;
				GCC_WARN_UNUSED_FUNCTION = YES;
				GCC_WARN_UNUSED_VARIABLE = YES;
				IPHONEOS_DEPLOYMENT_TARGET = 16.2;
				MTL_ENABLE_DEBUG_INFO = INCLUDE_SOURCE;
				MTL_FAST_MATH = YES;
				ONLY_ACTIVE_ARCH = YES;
				SDKROOT = iphoneos;
				SWIFT_ACTIVE_COMPILATION_CONDITIONS = DEBUG;
				SWIFT_OPTIMIZATION_LEVEL = "-Onone";
			};
			name = Debug;
		};
		3885C20829B8E49A0010F290 /* Release */ = {
			isa = XCBuildConfiguration;
			buildSettings = {
				ALWAYS_SEARCH_USER_PATHS = NO;
				CLANG_ANALYZER_NONNULL = YES;
				CLANG_ANALYZER_NUMBER_OBJECT_CONVERSION = YES_AGGRESSIVE;
				CLANG_CXX_LANGUAGE_STANDARD = "gnu++20";
				CLANG_ENABLE_MODULES = YES;
				CLANG_ENABLE_OBJC_ARC = YES;
				CLANG_ENABLE_OBJC_WEAK = YES;
				CLANG_WARN_BLOCK_CAPTURE_AUTORELEASING = YES;
				CLANG_WARN_BOOL_CONVERSION = YES;
				CLANG_WARN_COMMA = YES;
				CLANG_WARN_CONSTANT_CONVERSION = YES;
				CLANG_WARN_DEPRECATED_OBJC_IMPLEMENTATIONS = YES;
				CLANG_WARN_DIRECT_OBJC_ISA_USAGE = YES_ERROR;
				CLANG_WARN_DOCUMENTATION_COMMENTS = YES;
				CLANG_WARN_EMPTY_BODY = YES;
				CLANG_WARN_ENUM_CONVERSION = YES;
				CLANG_WARN_INFINITE_RECURSION = YES;
				CLANG_WARN_INT_CONVERSION = YES;
				CLANG_WARN_NON_LITERAL_NULL_CONVERSION = YES;
				CLANG_WARN_OBJC_IMPLICIT_RETAIN_SELF = YES;
				CLANG_WARN_OBJC_LITERAL_CONVERSION = YES;
				CLANG_WARN_OBJC_ROOT_CLASS = YES_ERROR;
				CLANG_WARN_QUOTED_INCLUDE_IN_FRAMEWORK_HEADER = YES;
				CLANG_WARN_RANGE_LOOP_ANALYSIS = YES;
				CLANG_WARN_STRICT_PROTOTYPES = YES;
				CLANG_WARN_SUSPICIOUS_MOVE = YES;
				CLANG_WARN_UNGUARDED_AVAILABILITY = YES_AGGRESSIVE;
				CLANG_WARN_UNREACHABLE_CODE = YES;
				CLANG_WARN__DUPLICATE_METHOD_MATCH = YES;
				COPY_PHASE_STRIP = NO;
				DEBUG_INFORMATION_FORMAT = "dwarf-with-dsym";
				ENABLE_NS_ASSERTIONS = NO;
				ENABLE_STRICT_OBJC_MSGSEND = YES;
				GCC_C_LANGUAGE_STANDARD = gnu11;
				GCC_NO_COMMON_BLOCKS = YES;
				GCC_WARN_64_TO_32_BIT_CONVERSION = YES;
				GCC_WARN_ABOUT_RETURN_TYPE = YES_ERROR;
				GCC_WARN_UNDECLARED_SELECTOR = YES;
				GCC_WARN_UNINITIALIZED_AUTOS = YES_AGGRESSIVE;
				GCC_WARN_UNUSED_FUNCTION = YES;
				GCC_WARN_UNUSED_VARIABLE = YES;
				IPHONEOS_DEPLOYMENT_TARGET = 16.2;
				MTL_ENABLE_DEBUG_INFO = NO;
				MTL_FAST_MATH = YES;
				SDKROOT = iphoneos;
				SWIFT_COMPILATION_MODE = wholemodule;
				SWIFT_OPTIMIZATION_LEVEL = "-O";
				VALIDATE_PRODUCT = YES;
			};
			name = Release;
		};
		3885C20A29B8E49A0010F290 /* Debug */ = {
			isa = XCBuildConfiguration;
			buildSettings = {
				ASSETCATALOG_COMPILER_APPICON_NAME = AppIcon;
				ASSETCATALOG_COMPILER_GLOBAL_ACCENT_COLOR_NAME = AccentColor;
				CODE_SIGN_STYLE = Automatic;
				CURRENT_PROJECT_VERSION = 1;
				DEVELOPMENT_ASSET_PATHS = "\"GreyCard/Preview Content\"";
				ENABLE_PREVIEWS = YES;
				GENERATE_INFOPLIST_FILE = YES;
				INFOPLIST_KEY_UIApplicationSceneManifest_Generation = YES;
				INFOPLIST_KEY_UIApplicationSupportsIndirectInputEvents = YES;
				INFOPLIST_KEY_UILaunchScreen_Generation = YES;
				INFOPLIST_KEY_UISupportedInterfaceOrientations_iPad = "UIInterfaceOrientationPortrait UIInterfaceOrientationPortraitUpsideDown UIInterfaceOrientationLandscapeLeft UIInterfaceOrientationLandscapeRight";
				INFOPLIST_KEY_UISupportedInterfaceOrientations_iPhone = "UIInterfaceOrientationPortrait UIInterfaceOrientationLandscapeLeft UIInterfaceOrientationLandscapeRight";
				LD_RUNPATH_SEARCH_PATHS = (
					"$(inherited)",
					"@executable_path/Frameworks",
				);
				MARKETING_VERSION = 1.0;
				PRODUCT_BUNDLE_IDENTIFIER = com.grey.GreyCard;
				PRODUCT_NAME = "$(TARGET_NAME)";
				SWIFT_EMIT_LOC_STRINGS = YES;
				SWIFT_VERSION = 5.0;
				TARGETED_DEVICE_FAMILY = "1,2";
			};
			name = Debug;
		};
		3885C20B29B8E49A0010F290 /* Release */ = {
			isa = XCBuildConfiguration;
			buildSettings = {
				ASSETCATALOG_COMPILER_APPICON_NAME = AppIcon;
				ASSETCATALOG_COMPILER_GLOBAL_ACCENT_COLOR_NAME = AccentColor;
				CODE_SIGN_STYLE = Automatic;
				CURRENT_PROJECT_VERSION = 1;
				DEVELOPMENT_ASSET_PATHS = "\"GreyCard/Preview Content\"";
				ENABLE_PREVIEWS = YES;
				GENERATE_INFOPLIST_FILE = YES;
				INFOPLIST_KEY_UIApplicationSceneManifest_Generation = YES;
				INFOPLIST_KEY_UIApplicationSupportsIndirectInputEvents = YES;
				INFOPLIST_KEY_UILaunchScreen_Generation = YES;
				INFOPLIST_KEY_UISupportedInterfaceOrientations_iPad = "UIInterfaceOrientationPortrait UIInterfaceOrientationPortraitUpsideDown UIInterfaceOrientationLandscapeLeft UIInterfaceOrientationLandscapeRight";
				INFOPLIST_KEY_UISupportedInterfaceOrientations_iPhone = "UIInterfaceOrientationPortrait UIInterfaceOrientationLandscapeLeft UIInterfaceOrientationLandscapeRight";
				LD_RUNPATH_SEARCH_PATHS = (
					"$(inherited)",
					"@executable_path/Frameworks",
				);
				MARKETING_VERSION = 1.0;
				PRODUCT_BUNDLE_IDENTIFIER = com.grey.GreyCard;
				PRODUCT_NAME = "$(TARGET_NAME)";
				SWIFT_EMIT_LOC_STRINGS = YES;
				SWIFT_VERSION = 5.0;
				TARGETED_DEVICE_FAMILY = "1,2";
			};
			name = Release;
		};
		3885C20D29B8E49A0010F290 /* Debug */ = {
			isa = XCBuildConfiguration;
			buildSettings = {
				ALWAYS_EMBED_SWIFT_STANDARD_LIBRARIES = YES;
				BUNDLE_LOADER = "$(TEST_HOST)";
				CODE_SIGN_STYLE = Automatic;
				CURRENT_PROJECT_VERSION = 1;
				GENERATE_INFOPLIST_FILE = YES;
				IPHONEOS_DEPLOYMENT_TARGET = 16.2;
				MARKETING_VERSION = 1.0;
				PRODUCT_BUNDLE_IDENTIFIER = com.grey.GreyCardTests;
				PRODUCT_NAME = "$(TARGET_NAME)";
				SWIFT_EMIT_LOC_STRINGS = NO;
				SWIFT_VERSION = 5.0;
				TARGETED_DEVICE_FAMILY = "1,2";
				TEST_HOST = "$(BUILT_PRODUCTS_DIR)/GreyCard.app/$(BUNDLE_EXECUTABLE_FOLDER_PATH)/GreyCard";
			};
			name = Debug;
		};
		3885C20E29B8E49A0010F290 /* Release */ = {
			isa = XCBuildConfiguration;
			buildSettings = {
				ALWAYS_EMBED_SWIFT_STANDARD_LIBRARIES = YES;
				BUNDLE_LOADER = "$(TEST_HOST)";
				CODE_SIGN_STYLE = Automatic;
				CURRENT_PROJECT_VERSION = 1;
				GENERATE_INFOPLIST_FILE = YES;
				IPHONEOS_DEPLOYMENT_TARGET = 16.2;
				MARKETING_VERSION = 1.0;
				PRODUCT_BUNDLE_IDENTIFIER = com.grey.GreyCardTests;
				PRODUCT_NAME = "$(TARGET_NAME)";
				SWIFT_EMIT_LOC_STRINGS = NO;
				SWIFT_VERSION = 5.0;
				TARGETED_DEVICE_FAMILY = "1,2";
				TEST_HOST = "$(BUILT_PRODUCTS_DIR)/GreyCard.app/$(BUNDLE_EXECUTABLE_FOLDER_PATH)/GreyCard";
			};
			name = Release;
		};
		3885C21029B8E49A0010F290 /* Debug */ = {
			isa = XCBuildConfiguration;
			buildSettings = {
				ALWAYS_EMBED_SWIFT_STANDARD_LIBRARIES = YES;
				CODE_SIGN_STYLE = Automatic;
				CURRENT_PROJECT_VERSION = 1;
				GENERATE_INFOPLIST_FILE = YES;
				MARKETING_VERSION = 1.0;
				PRODUCT_BUNDLE_IDENTIFIER = com.grey.GreyCardUITests;
				PRODUCT_NAME = "$(TARGET_NAME)";
				SWIFT_EMIT_LOC_STRINGS = NO;
				SWIFT_VERSION = 5.0;
				TARGETED_DEVICE_FAMILY = "1,2";
				TEST_TARGET_NAME = GreyCard;
			};
			name = Debug;
		};
		3885C21129B8E49A0010F290 /* Release */ = {
			isa = XCBuildConfiguration;
			buildSettings = {
				ALWAYS_EMBED_SWIFT_STANDARD_LIBRARIES = YES;
				CODE_SIGN_STYLE = Automatic;
				CURRENT_PROJECT_VERSION = 1;
				GENERATE_INFOPLIST_FILE = YES;
				MARKETING_VERSION = 1.0;
				PRODUCT_BUNDLE_IDENTIFIER = com.grey.GreyCardUITests;
				PRODUCT_NAME = "$(TARGET_NAME)";
				SWIFT_EMIT_LOC_STRINGS = NO;
				SWIFT_VERSION = 5.0;
				TARGETED_DEVICE_FAMILY = "1,2";
				TEST_TARGET_NAME = GreyCard;
			};
			name = Release;
		};
/* End XCBuildConfiguration section */

/* Begin XCConfigurationList section */
		3885C1E029B8E4980010F290 /* Build configuration list for PBXProject "GreyCard" */ = {
			isa = XCConfigurationList;
			buildConfigurations = (
				3885C20729B8E49A0010F290 /* Debug */,
				3885C20829B8E49A0010F290 /* Release */,
			);
			defaultConfigurationIsVisible = 0;
			defaultConfigurationName = Release;
		};
		3885C20929B8E49A0010F290 /* Build configuration list for PBXNativeTarget "GreyCard" */ = {
			isa = XCConfigurationList;
			buildConfigurations = (
				3885C20A29B8E49A0010F290 /* Debug */,
				3885C20B29B8E49A0010F290 /* Release */,
			);
			defaultConfigurationIsVisible = 0;
			defaultConfigurationName = Release;
		};
		3885C20C29B8E49A0010F290 /* Build configuration list for PBXNativeTarget "GreyCardTests" */ = {
			isa = XCConfigurationList;
			buildConfigurations = (
				3885C20D29B8E49A0010F290 /* Debug */,
				3885C20E29B8E49A0010F290 /* Release */,
			);
			defaultConfigurationIsVisible = 0;
			defaultConfigurationName = Release;
		};
		3885C20F29B8E49A0010F290 /* Build configuration list for PBXNativeTarget "GreyCardUITests" */ = {
			isa = XCConfigurationList;
			buildConfigurations = (
				3885C21029B8E49A0010F290 /* Debug */,
				3885C21129B8E49A0010F290 /* Release */,
			);
			defaultConfigurationIsVisible = 0;
			defaultConfigurationName = Release;
		};
/* End XCConfigurationList section */
	};
	rootObject = 3885C1DD29B8E4980010F290 /* Project object */;
}
